# This file is generated by running "yarn install" inside your project.
# Manual changes might be lost - proceed with caution!

__metadata:
  version: 8
  cacheKey: 10c0

"@types/unist@npm:^3.0.0":
  version: 3.0.2
  resolution: "@types/unist@npm:3.0.2"
  checksum: 10c0/39f220ce184a773c55c18a127062bfc4d0d30c987250cd59bab544d97be6cfec93717a49ef96e81f024b575718f798d4d329eb81c452fc57d6d051af8b043ebf
  languageName: node
  linkType: hard

"gatsby-image-custom-width@workspace:.":
  version: 0.0.0-use.local
  resolution: "gatsby-image-custom-width@workspace:."
  dependencies:
    unist-util-visit: "npm:^5.0.0"
  languageName: unknown
  linkType: soft

"unist-util-is@npm:^6.0.0":
  version: 6.0.0
  resolution: "unist-util-is@npm:6.0.0"
  dependencies:
    "@types/unist": "npm:^3.0.0"
  checksum: 10c0/9419352181eaa1da35eca9490634a6df70d2217815bb5938a04af3a662c12c5607a2f1014197ec9c426fbef18834f6371bfdb6f033040fa8aa3e965300d70e7e
  languageName: node
  linkType: hard

"unist-util-visit-parents@npm:^6.0.0":
  version: 6.0.1
  resolution: "unist-util-visit-parents@npm:6.0.1"
  dependencies:
    "@types/unist": "npm:^3.0.0"
    unist-util-is: "npm:^6.0.0"
  checksum: 10c0/51b1a5b0aa23c97d3e03e7288f0cdf136974df2217d0999d3de573c05001ef04cccd246f51d2ebdfb9e8b0ed2704451ad90ba85ae3f3177cf9772cef67f56206
  languageName: node
  linkType: hard

"unist-util-visit@npm:^5.0.0":
  version: 5.0.0
  resolution: "unist-util-visit@npm:5.0.0"
  dependencies:
    "@types/unist": "npm:^3.0.0"
    unist-util-is: "npm:^6.0.0"
    unist-util-visit-parents: "npm:^6.0.0"
  checksum: 10c0/51434a1d80252c1540cce6271a90fd1a106dbe624997c09ed8879279667fb0b2d3a685e02e92bf66598dcbe6cdffa7a5f5fb363af8fdf90dda6c855449ae39a5
  languageName: node
  linkType: hard
